
Microsoft Visual Studio Solution File, Format Version 12.00
# Visual Studio Version 17
VisualStudioVersion = 17.0.31912.275
MinimumVisualStudioVersion = 10.0.40219.1
Project("{FAE04EC0-301F-11D3-BF4B-00C04F79EFBC}") = "ContactsAppUI", "ContactsAppUI\ContactsAppUI.csproj", "{DFBE51E4-22B6-431C-9909-4514CA2A866A}"
EndProject
Project("{FAE04EC0-301F-11D3-BF4B-00C04F79EFBC}") = "ContactsApp", "ContactsApp\ContactsApp.csproj", "{A22E388F-3664-4437-9FDF-BDAB4AFC51DC}"
EndProject
Global
	GlobalSection(SolutionConfigurationPlatforms) = preSolution
		Debug|Any CPU = Debug|Any CPU
		Release|Any CPU = Release|Any CPU
	EndGlobalSection
	GlobalSection(ProjectConfigurationPlatforms) = postSolution
		{DFBE51E4-22B6-431C-9909-4514CA2A866A}.Debug|Any CPU.ActiveCfg = Debug|Any CPU
		{DFBE51E4-22B6-431C-9909-4514CA2A866A}.Debug|Any CPU.Build.0 = Debug|Any CPU
		{DFBE51E4-22B6-431C-9909-4514CA2A866A}.Release|Any CPU.ActiveCfg = Release|Any CPU
		{DFBE51E4-22B6-431C-9909-4514CA2A866A}.Release|Any CPU.Build.0 = Release|Any CPU
		{A22E388F-3664-4437-9FDF-BDAB4AFC51DC}.Debug|Any CPU.ActiveCfg = Debug|Any CPU
		{A22E388F-3664-4437-9FDF-BDAB4AFC51DC}.Debug|Any CPU.Build.0 = Debug|Any CPU
		{A22E388F-3664-4437-9FDF-BDAB4AFC51DC}.Release|Any CPU.ActiveCfg = Release|Any CPU
		{A22E388F-3664-4437-9FDF-BDAB4AFC51DC}.Release|Any CPU.Build.0 = Release|Any CPU
	EndGlobalSection
	GlobalSection(SolutionProperties) = preSolution
		HideSolutionNode = FALSE
	EndGlobalSection
	GlobalSection(ExtensibilityGlobals) = postSolution
		SolutionGuid = {B1B64C1B-CC9C-4128-A498-FDDF34BB6D3C}
	EndGlobalSection
EndGlobal
